
Microsoft Visual Studio Solution File, Format Version 12.00
# Visual Studio Version 17
VisualStudioVersion = 17.4.33403.182
MinimumVisualStudioVersion = 10.0.40219.1
Project("{FAE04EC0-301F-11D3-BF4B-00C04F79EFBC}") = "ConsoleForCoding", "ConsoleForCoding\ConsoleForCoding.csproj", "{34B1A4D7-2D70-4D88-AB16-50A83BDF2B82}"
EndProject
Global
	GlobalSection(SolutionConfigurationPlatforms) = preSolution
		Debug|Any CPU = Debug|Any CPU
		Release|Any CPU = Release|Any CPU
	EndGlobalSection
	GlobalSection(ProjectConfigurationPlatforms) = postSolution
		{34B1A4D7-2D70-4D88-AB16-50A83BDF2B82}.Debug|Any CPU.ActiveCfg = Debug|Any CPU
		{34B1A4D7-2D70-4D88-AB16-50A83BDF2B82}.Debug|Any CPU.Build.0 = Debug|Any CPU
		{34B1A4D7-2D70-4D88-AB16-50A83BDF2B82}.Release|Any CPU.ActiveCfg = Release|Any CPU
		{34B1A4D7-2D70-4D88-AB16-50A83BDF2B82}.Release|Any CPU.Build.0 = Release|Any CPU
	EndGlobalSection
	GlobalSection(SolutionProperties) = preSolution
		HideSolutionNode = FALSE
	EndGlobalSection
	GlobalSection(ExtensibilityGlobals) = postSolution
		SolutionGuid = {6C398265-F7CB-480F-A231-0EE0A0EB8C8F}
	EndGlobalSection
EndGlobal
